<?xml version="1.0" encoding="UTF-8"?>
<CONFIG>
  <ProjectOptions>
    <Version Value="12"/>
    <General>
      <Flags>
        <MainUnitHasCreateFormStatements Value="False"/>
        <MainUnitHasTitleStatement Value="False"/>
        <MainUnitHasScaledStatement Value="False"/>
      </Flags>
      <SessionStorage Value="InProjectDir"/>
      <Title Value="pas8088"/>
      <UseAppBundle Value="False"/>
      <ResourceType Value="res"/>
    </General>
    <BuildModes>
      <Item Name="Default" Default="True"/>
      <Item Name="Debug">
        <CompilerOptions>
          <Version Value="11"/>
          <Target>
            <Filename Value="pas8088"/>
          </Target>
          <SearchPaths>
            <IncludeFiles Value="$(ProjOutDir)"/>
            <UnitOutputDirectory Value="lib/$(TargetCPU)-$(TargetOS)"/>
          </SearchPaths>
          <Parsing>
            <SyntaxOptions>
              <IncludeAssertionCode Value="True"/>
            </SyntaxOptions>
          </Parsing>
          <CodeGeneration>
            <Checks>
              <IOChecks Value="True"/>
              <RangeChecks Value="True"/>
              <OverflowChecks Value="True"/>
              <StackChecks Value="True"/>
            </Checks>
            <VerifyObjMethodCallValidity Value="True"/>
            <Optimizations>
              <OptimizationLevel Value="0"/>
            </Optimizations>
          </CodeGeneration>
          <Linking>
            <Debugging>
              <DebugInfoType Value="dsDwarf3"/>
              <UseHeaptrc Value="True"/>
              <TrashVariables Value="True"/>
            </Debugging>
          </Linking>
        </CompilerOptions>
      </Item>
      <Item Name="Release">
        <CompilerOptions>
          <Version Value="11"/>
          <Target>
            <Filename Value="pas8088"/>
          </Target>
          <SearchPaths>
            <IncludeFiles Value="$(ProjOutDir)"/>
            <UnitOutputDirectory Value="lib/$(TargetCPU)-$(TargetOS)"/>
          </SearchPaths>
          <CodeGeneration>
            <SmartLinkUnit Value="True"/>
            <Optimizations>
              <OptimizationLevel Value="3"/>
            </Optimizations>
          </CodeGeneration>
          <Linking>
            <Debugging>
              <GenerateDebugInfo Value="False"/>
              <RunWithoutDebug Value="True"/>
              <StripSymbols Value="True"/>
            </Debugging>
            <LinkSmart Value="True"/>
          </Linking>
        </CompilerOptions>
      </Item>
    </BuildModes>
    <PublishOptions>
      <Version Value="2"/>
      <UseFileFilters Value="True"/>
    </PublishOptions>
    <RunParams>
      <FormatVersion Value="2"/>
    </RunParams>
    <RequiredPackages>
      <Item>
        <PackageName Value="ray4laz"/>
      </Item>
    </RequiredPackages>
    <Units>
      <Unit>
        <Filename Value="pas8088.lpr"/>
        <IsPartOfProject Value="True"/>
      </Unit>
      <Unit>
        <Filename Value="cpu8088.pas"/>
        <IsPartOfProject Value="True"/>
        <UnitName Value="Cpu8088"/>
      </Unit>
      <Unit>
        <Filename Value="memory.pas"/>
        <IsPartOfProject Value="True"/>
        <UnitName Value="Memory"/>
      </Unit>
      <Unit>
        <Filename Value="io.pas"/>
        <IsPartOfProject Value="True"/>
        <UnitName Value="IO"/>
      </Unit>
      <Unit>
        <Filename Value="machine.pas"/>
        <IsPartOfProject Value="True"/>
        <UnitName Value="Machine"/>
      </Unit>
      <Unit>
        <Filename Value="videocontroller.pas"/>
        <IsPartOfProject Value="True"/>
        <UnitName Value="VideoController"/>
      </Unit>
      <Unit>
        <Filename Value="hardware.pas"/>
        <IsPartOfProject Value="True"/>
        <UnitName Value="Hardware"/>
      </Unit>
      <Unit>
        <Filename Value="debugger.pas"/>
        <IsPartOfProject Value="True"/>
        <UnitName Value="Debugger"/>
      </Unit>
      <Unit>
        <Filename Value="keyboard.pas"/>
        <IsPartOfProject Value="True"/>
        <UnitName Value="Keyboard"/>
      </Unit>
      <Unit>
        <Filename Value="timer.pas"/>
        <IsPartOfProject Value="True"/>
        <UnitName Value="Timer"/>
      </Unit>
      <Unit>
        <Filename Value="appsettings.pas"/>
        <IsPartOfProject Value="True"/>
        <UnitName Value="AppSettings"/>
      </Unit>
      <Unit>
        <Filename Value="cassette.pas"/>
        <IsPartOfProject Value="True"/>
        <UnitName Value="Cassette"/>
      </Unit>
    </Units>
    <Debugger>
      <ClassConfig Version="1">
        <Config ConfigName="New" ConfigClass="TFpDebugDebugger" Active="True" UID="{3358E130-9516-4007-A204-35CC086810AB}"/>
      </ClassConfig>
      <DisplayFormatConfigs>
        <dtfGlobal NumInherit="False" SepHex="vdfhsByte" StructAddrInherit="False" StructAddr="vdfAddressTyped" PointerAddrInherit="False" PointerAddr="vdfAddressTyped"/>
      </DisplayFormatConfigs>
    </Debugger>
  </ProjectOptions>
  <CompilerOptions>
    <Version Value="11"/>
    <Target>
      <Filename Value="pas8088"/>
    </Target>
    <SearchPaths>
      <IncludeFiles Value="$(ProjOutDir)"/>
      <UnitOutputDirectory Value="lib/$(TargetCPU)-$(TargetOS)"/>
    </SearchPaths>
    <Linking>
      <Debugging>
        <DebugInfoType Value="dsDwarf3"/>
      </Debugging>
    </Linking>
  </CompilerOptions>
  <Debugging>
    <Exceptions>
      <Item>
        <Name Value="EAbort"/>
      </Item>
      <Item>
        <Name Value="ECodetoolError"/>
      </Item>
      <Item>
        <Name Value="EFOpenError"/>
      </Item>
    </Exceptions>
  </Debugging>
</CONFIG>
